// !$*UTF8*$!
{
	archiveVersion = 1;
	classes = {
	};
	objectVersion = 48;
	objects = {

/* Begin PBXBuildFile section */
		A7805B4620B61C3900D7C34F /* AppDelegate.swift in Sources */ = {isa = PBXBuildFile; fileRef = A7805B4520B61C3900D7C34F /* AppDelegate.swift */; };
		A7805B4820B61C3900D7C34F /* ConcentrationViewController.swift in Sources */ = {isa = PBXBuildFile; fileRef = A7805B4720B61C3900D7C34F /* ConcentrationViewController.swift */; };
		A7805B4B20B61C3900D7C34F /* Main.storyboard in Resources */ = {isa = PBXBuildFile; fileRef = A7805B4920B61C3900D7C34F /* Main.storyboard */; };
		A7805B4D20B61C3900D7C34F /* Assets.xcassets in Resources */ = {isa = PBXBuildFile; fileRef = A7805B4C20B61C3900D7C34F /* Assets.xcassets */; };
		A7805B5020B61C3900D7C34F /* LaunchScreen.storyboard in Resources */ = {isa = PBXBuildFile; fileRef = A7805B4E20B61C3900D7C34F /* LaunchScreen.storyboard */; };
		A7805B5920B652C800D7C34F /* Concentration.swift in Sources */ = {isa = PBXBuildFile; fileRef = A7805B5820B652C800D7C34F /* Concentration.swift */; };
		A7805B5B20B6539D00D7C34F /* Card.swift in Sources */ = {isa = PBXBuildFile; fileRef = A7805B5A20B6539D00D7C34F /* Card.swift */; };
		A7C3D1C520C33835002DEBA7 /* ThemeChooserViewController.swift in Sources */ = {isa = PBXBuildFile; fileRef = A7C3D1C420C33835002DEBA7 /* ThemeChooserViewController.swift */; };
/* End PBXBuildFile section */

/* Begin PBXFileReference section */
		A7805B4220B61C3900D7C34F /* Concentration.app */ = {isa = PBXFileReference; explicitFileType = wrapper.application; includeInIndex = 0; path = Concentration.app; sourceTree = BUILT_PRODUCTS_DIR; };
		A7805B4520B61C3900D7C34F /* AppDelegate.swift */ = {isa = PBXFileReference; lastKnownFileType = sourcecode.swift; path = AppDelegate.swift; sourceTree = "<group>"; };
		A7805B4720B61C3900D7C34F /* ConcentrationViewController.swift */ = {isa = PBXFileReference; lastKnownFileType = sourcecode.swift; path = ConcentrationViewController.swift; sourceTree = "<group>"; };
		A7805B4A20B61C3900D7C34F /* Base */ = {isa = PBXFileReference; lastKnownFileType = file.storyboard; name = Base; path = Base.lproj/Main.storyboard; sourceTree = "<group>"; };
		A7805B4C20B61C3900D7C34F /* Assets.xcassets */ = {isa = PBXFileReference; lastKnownFileType = folder.assetcatalog; path = Assets.xcassets; sourceTree = "<group>"; };
		A7805B4F20B61C3900D7C34F /* Base */ = {isa = PBXFileReference; lastKnownFileType = file.storyboard; name = Base; path = Base.lproj/LaunchScreen.storyboard; sourceTree = "<group>"; };
		A7805B5120B61C3900D7C34F /* Info.plist */ = {isa = PBXFileReference; lastKnownFileType = text.plist.xml; path = Info.plist; sourceTree = "<group>"; };
		A7805B5820B652C800D7C34F /* Concentration.swift */ = {isa = PBXFileReference; lastKnownFileType = sourcecode.swift; path = Concentration.swift; sourceTree = "<group>"; };
		A7805B5A20B6539D00D7C34F /* Card.swift */ = {isa = PBXFileReference; lastKnownFileType = sourcecode.swift; path = Card.swift; sourceTree = "<group>"; };
		A7C3D1C420C33835002DEBA7 /* ThemeChooserViewController.swift */ = {isa = PBXFileReference; lastKnownFileType = sourcecode.swift; path = ThemeChooserViewController.swift; sourceTree = "<group>"; };
/* End PBXFileReference section */

/* Begin PBXFrameworksBuildPhase section */
		A7805B3F20B61C3900D7C34F /* Frameworks */ = {
			isa = PBXFrameworksBuildPhase;
			buildActionMask = 2147483647;
			files = (
			);
			runOnlyForDeploymentPostprocessing = 0;
		};
/* End PBXFrameworksBuildPhase section */

/* Begin PBXGroup section */
		A7805B3920B61C3900D7C34F = {
			isa = PBXGroup;
			children = (
				A7805B4420B61C3900D7C34F /* Concentration */,
				A7805B4320B61C3900D7C34F /* Products */,
			);
			sourceTree = "<group>";
		};
		A7805B4320B61C3900D7C34F /* Products */ = {
			isa = PBXGroup;
			children = (
				A7805B4220B61C3900D7C34F /* Concentration.app */,
			);
			name = Products;
			sourceTree = "<group>";
		};
		A7805B4420B61C3900D7C34F /* Concentration */ = {
			isa = PBXGroup;
			children = (
				A7805B4720B61C3900D7C34F /* ConcentrationViewController.swift */,
				A7C3D1C420C33835002DEBA7 /* ThemeChooserViewController.swift */,
				A7805B4920B61C3900D7C34F /* Main.storyboard */,
				A7805B5820B652C800D7C34F /* Concentration.swift */,
				A7805B5A20B6539D00D7C34F /* Card.swift */,
				A7CA9A3720B8D4E200464388 /* Supporting Files */,
				A7805B5120B61C3900D7C34F /* Info.plist */,
			);
			path = Concentration;
			sourceTree = "<group>";
		};
		A7CA9A3720B8D4E200464388 /* Supporting Files */ = {
			isa = PBXGroup;
			children = (
				A7805B4520B61C3900D7C34F /* AppDelegate.swift */,
				A7805B4C20B61C3900D7C34F /* Assets.xcassets */,
				A7805B4E20B61C3900D7C34F /* LaunchScreen.storyboard */,
			);
			path = "Supporting Files";
			sourceTree = "<group>";
		};
/* End PBXGroup section */

/* Begin PBXNativeTarget section */
		A7805B4120B61C3900D7C34F /* Concentration */ = {
			isa = PBXNativeTarget;
			buildConfigurationList = A7805B5420B61C3900D7C34F /* Build configuration list for PBXNativeTarget "Concentration" */;
			buildPhases = (
				A7805B3E20B61C3900D7C34F /* Sources */,
				A7805B3F20B61C3900D7C34F /* Frameworks */,
				A7805B4020B61C3900D7C34F /* Resources */,
			);
			buildRules = (
			);
			dependencies = (
			);
			name = Concentration;
			productName = Concentration;
			productReference = A7805B4220B61C3900D7C34F /* Concentration.app */;
			productType = "com.apple.product-type.application";
		};
/* End PBXNativeTarget section */

/* Begin PBXProject section */
		A7805B3A20B61C3900D7C34F /* Project object */ = {
			isa = PBXProject;
			attributes = {
				LastSwiftUpdateCheck = 0920;
				LastUpgradeCheck = 0920;
				ORGANIZATIONNAME = AhmedZlazel;
				TargetAttributes = {
					A7805B4120B61C3900D7C34F = {
						CreatedOnToolsVersion = 9.2;
						ProvisioningStyle = Automatic;
					};
				};
			};
			buildConfigurationList = A7805B3D20B61C3900D7C34F /* Build configuration list for PBXProject "Concentration" */;
			compatibilityVersion = "Xcode 8.0";
			developmentRegion = en;
			hasScannedForEncodings = 0;
			knownRegions = (
				en,
				Base,
			);
			mainGroup = A7805B3920B61C3900D7C34F;
			productRefGroup = A7805B4320B61C3900D7C34F /* Products */;
			projectDirPath = "";
			projectRoot = "";
			targets = (
				A7805B4120B61C3900D7C34F /* Concentration */,
			);
		};
/* End PBXProject section */

/* Begin PBXResourcesBuildPhase section */
		A7805B4020B61C3900D7C34F /* Resources */ = {
			isa = PBXResourcesBuildPhase;
			buildActionMask = 2147483647;
			files = (
				A7805B5020B61C3900D7C34F /* LaunchScreen.storyboard in Resources */,
				A7805B4D20B61C3900D7C34F /* Assets.xcassets in Resources */,
				A7805B4B20B61C3900D7C34F /* Main.storyboard in Resources */,
			);
			runOnlyForDeploymentPostprocessing = 0;
		};
/* End PBXResourcesBuildPhase section */

/* Begin PBXSourcesBuildPhase section */
		A7805B3E20B61C3900D7C34F /* Sources */ = {
			isa = PBXSourcesBuildPhase;
			buildActionMask = 2147483647;
			files = (
				A7805B4820B61C3900D7C34F /* ConcentrationViewController.swift in Sources */,
				A7805B4620B61C3900D7C34F /* AppDelegate.swift in Sources */,
				A7C3D1C520C33835002DEBA7 /* ThemeChooserViewController.swift in Sources */,
				A7805B5920B652C800D7C34F /* Concentration.swift in Sources */,
				A7805B5B20B6539D00D7C34F /* Card.swift in Sources */,
			);
			runOnlyForDeploymentPostprocessing = 0;
		};
/* End PBXSourcesBuildPhase section */

/* Begin PBXVariantGroup section */
		A7805B4920B61C3900D7C34F /* Main.storyboard */ = {
			isa = PBXVariantGroup;
			children = (
				A7805B4A20B61C3900D7C34F /* Base */,
			);
			name = Main.storyboard;
			sourceTree = "<group>";
		};
		A7805B4E20B61C3900D7C34F /* LaunchScreen.storyboard */ = {
			isa = PBXVariantGroup;
			children = (
				A7805B4F20B61C3900D7C34F /* Base */,
			);
			name = LaunchScreen.storyboard;
			sourceTree = "<group>";
		};
/* End PBXVariantGroup section */

/* Begin XCBuildConfiguration section */
		A7805B5220B61C3900D7C34F /* Debug */ = {
			isa = XCBuildConfiguration;
			buildSettings = {
				ALWAYS_SEARCH_USER_PATHS = NO;
				CLANG_ANALYZER_NONNULL = YES;
				CLANG_ANALYZER_NUMBER_OBJECT_CONVERSION = YES_AGGRESSIVE;
				CLANG_CXX_LANGUAGE_STANDARD = "gnu++14";
				CLANG_CXX_LIBRARY = "libc++";
				CLANG_ENABLE_MODULES = YES;
				CLANG_ENABLE_OBJC_ARC = YES;
				CLANG_WARN_BLOCK_CAPTURE_AUTORELEASING = YES;
				CLANG_WARN_BOOL_CONVERSION = YES;
				CLANG_WARN_COMMA = YES;
				CLANG_WARN_CONSTANT_CONVERSION = YES;
				CLANG_WARN_DIRECT_OBJC_ISA_USAGE = YES_ERROR;
				CLANG_WARN_DOCUMENTATION_COMMENTS = YES;
				CLANG_WARN_EMPTY_BODY = YES;
				CLANG_WARN_ENUM_CONVERSION = YES;
				CLANG_WARN_INFINITE_RECURSION = YES;
				CLANG_WARN_INT_CONVERSION = YES;
				CLANG_WARN_NON_LITERAL_NULL_CONVERSION = YES;
				CLANG_WARN_OBJC_LITERAL_CONVERSION = YES;
				CLANG_WARN_OBJC_ROOT_CLASS = YES_ERROR;
				CLANG_WARN_RANGE_LOOP_ANALYSIS = YES;
				CLANG_WARN_STRICT_PROTOTYPES = YES;
				CLANG_WARN_SUSPICIOUS_MOVE = YES;
				CLANG_WARN_UNGUARDED_AVAILABILITY = YES_AGGRESSIVE;
				CLANG_WARN_UNREACHABLE_CODE = YES;
				CLANG_WARN__DUPLICATE_METHOD_MATCH = YES;
				CODE_SIGN_IDENTITY = "iPhone Developer";
				COPY_PHASE_STRIP = NO;
				DEBUG_INFORMATION_FORMAT = dwarf;
				ENABLE_STRICT_OBJC_MSGSEND = YES;
				ENABLE_TESTABILITY = YES;
				GCC_C_LANGUAGE_STANDARD = gnu11;
				GCC_DYNAMIC_NO_PIC = NO;
				GCC_NO_COMMON_BLOCKS = YES;
				GCC_OPTIMIZATION_LEVEL = 0;
				GCC_PREPROCESSOR_DEFINITIONS = (
					"DEBUG=1",
					"$(inherited)",
				);
				GCC_WARN_64_TO_32_BIT_CONVERSION = YES;
				GCC_WARN_ABOUT_RETURN_TYPE = YES_ERROR;
				GCC_WARN_UNDECLARED_SELECTOR = YES;
				GCC_WARN_UNINITIALIZED_AUTOS = YES_AGGRESSIVE;
				GCC_WARN_UNUSED_FUNCTION = YES;
				GCC_WARN_UNUSED_VARIABLE = YES;
				IPHONEOS_DEPLOYMENT_TARGET = 11.2;
				MTL_ENABLE_DEBUG_INFO = YES;
				ONLY_ACTIVE_ARCH = YES;
				SDKROOT = iphoneos;
				SWIFT_ACTIVE_COMPILATION_CONDITIONS = DEBUG;
				SWIFT_OPTIMIZATION_LEVEL = "-Onone";
			};
			name = Debug;
		};
		A7805B5320B61C3900D7C34F /* Release */ = {
			isa = XCBuildConfiguration;
			buildSettings = {
				ALWAYS_SEARCH_USER_PATHS = NO;
				CLANG_ANALYZER_NONNULL = YES;
				CLANG_ANALYZER_NUMBER_OBJECT_CONVERSION = YES_AGGRESSIVE;
				CLANG_CXX_LANGUAGE_STANDARD = "gnu++14";
				CLANG_CXX_LIBRARY = "libc++";
				CLANG_ENABLE_MODULES = YES;
				CLANG_ENABLE_OBJC_ARC = YES;
				CLANG_WARN_BLOCK_CAPTURE_AUTORELEASING = YES;
				CLANG_WARN_BOOL_CONVERSION = YES;
				CLANG_WARN_COMMA = YES;
				CLANG_WARN_CONSTANT_CONVERSION = YES;
				CLANG_WARN_DIRECT_OBJC_ISA_USAGE = YES_ERROR;
				CLANG_WARN_DOCUMENTATION_COMMENTS = YES;
				CLANG_WARN_EMPTY_BODY = YES;
				CLANG_WARN_ENUM_CONVERSION = YES;
				CLANG_WARN_INFINITE_RECURSION = YES;
				CLANG_WARN_INT_CONVERSION = YES;
				CLANG_WARN_NON_LITERAL_NULL_CONVERSION = YES;
				CLANG_WARN_OBJC_LITERAL_CONVERSION = YES;
				CLANG_WARN_OBJC_ROOT_CLASS = YES_ERROR;
				CLANG_WARN_RANGE_LOOP_ANALYSIS = YES;
				CLANG_WARN_STRICT_PROTOTYPES = YES;
				CLANG_WARN_SUSPICIOUS_MOVE = YES;
				CLANG_WARN_UNGUARDED_AVAILABILITY = YES_AGGRESSIVE;
				CLANG_WARN_UNREACHABLE_CODE = YES;
				CLANG_WARN__DUPLICATE_METHOD_MATCH = YES;
				CODE_SIGN_IDENTITY = "iPhone Developer";
				COPY_PHASE_STRIP = NO;
				DEBUG_INFORMATION_FORMAT = "dwarf-with-dsym";
				ENABLE_NS_ASSERTIONS = NO;
				ENABLE_STRICT_OBJC_MSGSEND = YES;
				GCC_C_LANGUAGE_STANDARD = gnu11;
				GCC_NO_COMMON_BLOCKS = YES;
				GCC_WARN_64_TO_32_BIT_CONVERSION = YES;
				GCC_WARN_ABOUT_RETURN_TYPE = YES_ERROR;
				GCC_WARN_UNDECLARED_SELECTOR = YES;
				GCC_WARN_UNINITIALIZED_AUTOS = YES_AGGRESSIVE;
				GCC_WARN_UNUSED_FUNCTION = YES;
				GCC_WARN_UNUSED_VARIABLE = YES;
				IPHONEOS_DEPLOYMENT_TARGET = 11.2;
				MTL_ENABLE_DEBUG_INFO = NO;
				SDKROOT = iphoneos;
				SWIFT_OPTIMIZATION_LEVEL = "-Owholemodule";
				VALIDATE_PRODUCT = YES;
			};
			name = Release;
		};
		A7805B5520B61C3900D7C34F /* Debug */ = {
			isa = XCBuildConfiguration;
			buildSettings = {
				ASSETCATALOG_COMPILER_APPICON_NAME = AppIcon;
				CODE_SIGN_STYLE = Automatic;
				INFOPLIST_FILE = Concentration/Info.plist;
				LD_RUNPATH_SEARCH_PATHS = "$(inherited) @executable_path/Frameworks";
				PRODUCT_BUNDLE_IDENTIFIER = freelancer.Concentration;
				PRODUCT_NAME = "$(TARGET_NAME)";
				SWIFT_VERSION = 4.0;
				TARGETED_DEVICE_FAMILY = "1,2";
			};
			name = Debug;
		};
		A7805B5620B61C3900D7C34F /* Release */ = {
			isa = XCBuildConfiguration;
			buildSettings = {
				ASSETCATALOG_COMPILER_APPICON_NAME = AppIcon;
				CODE_SIGN_STYLE = Automatic;
				INFOPLIST_FILE = Concentration/Info.plist;
				LD_RUNPATH_SEARCH_PATHS = "$(inherited) @executable_path/Frameworks";
				PRODUCT_BUNDLE_IDENTIFIER = freelancer.Concentration;
				PRODUCT_NAME = "$(TARGET_NAME)";
				SWIFT_VERSION = 4.0;
				TARGETED_DEVICE_FAMILY = "1,2";
			};
			name = Release;
		};
/* End XCBuildConfiguration section */

/* Begin XCConfigurationList section */
		A7805B3D20B61C3900D7C34F /* Build configuration list for PBXProject "Concentration" */ = {
			isa = XCConfigurationList;
			buildConfigurations = (
				A7805B5220B61C3900D7C34F /* Debug */,
				A7805B5320B61C3900D7C34F /* Release */,
			);
			defaultConfigurationIsVisible = 0;
			defaultConfigurationName = Release;
		};
		A7805B5420B61C3900D7C34F /* Build configuration list for PBXNativeTarget "Concentration" */ = {
			isa = XCConfigurationList;
			buildConfigurations = (
				A7805B5520B61C3900D7C34F /* Debug */,
				A7805B5620B61C3900D7C34F /* Release */,
			);
			defaultConfigurationIsVisible = 0;
			defaultConfigurationName = Release;
		};
/* End XCConfigurationList section */
	};
	rootObject = A7805B3A20B61C3900D7C34F /* Project object */;
}
